
Microsoft Visual Studio Solution File, Format Version 12.00
# Visual Studio Version 17
VisualStudioVersion = 17.7.34202.233
MinimumVisualStudioVersion = 10.0.40219.1
Project("{9A19103F-16F7-4668-BE54-9A1E7A4F7556}") = "WebStocks", "WebStocks\WebStocks.csproj", "{E0617F8A-F85A-4482-A283-3387B8DD214C}"
EndProject
Global
	GlobalSection(SolutionConfigurationPlatforms) = preSolution
		Debug|Any CPU = Debug|Any CPU
		Release|Any CPU = Release|Any CPU
	EndGlobalSection
	GlobalSection(ProjectConfigurationPlatforms) = postSolution
		{E0617F8A-F85A-4482-A283-3387B8DD214C}.Debug|Any CPU.ActiveCfg = Debug|Any CPU
		{E0617F8A-F85A-4482-A283-3387B8DD214C}.Debug|Any CPU.Build.0 = Debug|Any CPU
		{E0617F8A-F85A-4482-A283-3387B8DD214C}.Release|Any CPU.ActiveCfg = Release|Any CPU
		{E0617F8A-F85A-4482-A283-3387B8DD214C}.Release|Any CPU.Build.0 = Release|Any CPU
	EndGlobalSection
	GlobalSection(SolutionProperties) = preSolution
		HideSolutionNode = FALSE
	EndGlobalSection
	GlobalSection(ExtensibilityGlobals) = postSolution
		SolutionGuid = {FFC64D26-F666-4E48-9647-468C21172C88}
	EndGlobalSection
EndGlobal
